
Microsoft Visual Studio Solution File, Format Version 12.00
# Visual Studio Version 16
VisualStudioVersion = 16.0.31424.327
MinimumVisualStudioVersion = 10.0.40219.1
Project("{FAE04EC0-301F-11D3-BF4B-00C04F79EFBC}") = "EventPlannerV2.5", "EventPlannerV2.5.csproj", "{0242B8FC-C7F3-477C-8B88-62EFFFF66CC3}"
EndProject
Global
	GlobalSection(SolutionConfigurationPlatforms) = preSolution
		Debug|Any CPU = Debug|Any CPU
		Release|Any CPU = Release|Any CPU
	EndGlobalSection
	GlobalSection(ProjectConfigurationPlatforms) = postSolution
		{0242B8FC-C7F3-477C-8B88-62EFFFF66CC3}.Debug|Any CPU.ActiveCfg = Debug|Any CPU
		{0242B8FC-C7F3-477C-8B88-62EFFFF66CC3}.Debug|Any CPU.Build.0 = Debug|Any CPU
		{0242B8FC-C7F3-477C-8B88-62EFFFF66CC3}.Release|Any CPU.ActiveCfg = Release|Any CPU
		{0242B8FC-C7F3-477C-8B88-62EFFFF66CC3}.Release|Any CPU.Build.0 = Release|Any CPU
	EndGlobalSection
	GlobalSection(SolutionProperties) = preSolution
		HideSolutionNode = FALSE
	EndGlobalSection
	GlobalSection(ExtensibilityGlobals) = postSolution
		SolutionGuid = {F10107F2-CBE7-47BD-B6DF-27575CEFB7E1}
	EndGlobalSection
EndGlobal
